# THIS IS AN AUTOGENERATED FILE. DO NOT EDIT THIS FILE DIRECTLY.
# yarn lockfile v1


underscore@^1.8.3:
  version "1.13.7"
  resolved "https://registry.yarnpkg.com/underscore/-/underscore-1.13.7.tgz#970e33963af9a7dda228f17ebe8399e5fbe63a10"
  integrity sha512-GMXzWtsc57XAtguZgaQViUOzs0KTkk8ojr3/xAxXLITqf/3EMwxC0inyETfDFjH/Krbhuep0HNbbjI9i/q3F3g==
